
Microsoft Visual Studio Solution File, Format Version 12.00
# Visual Studio 2013
VisualStudioVersion = 12.0.40629.0
MinimumVisualStudioVersion = 10.0.40219.1
Project("{FAE04EC0-301F-11D3-BF4B-00C04F79EFBC}") = "BunkerBuster", "BunkerBuster\BunkerBuster.csproj", "{A8486D22-BEDC-4742-925A-B37FCA54AE95}"
EndProject
Project("{FAE04EC0-301F-11D3-BF4B-00C04F79EFBC}") = "ArraySlider", "ArraySlider\ArraySlider.csproj", "{5D8A3A2C-A5BA-4E80-AF9A-52B61E047CDD}"
EndProject
Project("{FAE04EC0-301F-11D3-BF4B-00C04F79EFBC}") = "RageQuit", "RageQuit\RageQuit.csproj", "{A02257B2-53E2-43D7-8880-12325C1D2CAF}"
EndProject
Project("{FAE04EC0-301F-11D3-BF4B-00C04F79EFBC}") = "PopulationCounter", "PopulationCounter\PopulationCounter.csproj", "{B8B48726-614A-47C4-9E9F-2D389DDFD3B5}"
EndProject
Project("{FAE04EC0-301F-11D3-BF4B-00C04F79EFBC}") = "LargestRectangle", "LargestRectangle\LargestRectangle.csproj", "{755924A3-16B6-4491-BF40-B8D31806F483}"
EndProject
Project("{FAE04EC0-301F-11D3-BF4B-00C04F79EFBC}") = "ITVillage", "ITVillage\ITVillage.csproj", "{A1AB3134-77F3-4A40-9745-D33485EBB4B1}"
EndProject
Project("{FAE04EC0-301F-11D3-BF4B-00C04F79EFBC}") = "TennisGame", "TennisGame\TennisGame.csproj", "{396AD081-2F40-42C0-AE26-D3A40EEF9D56}"
EndProject
Project("{FAE04EC0-301F-11D3-BF4B-00C04F79EFBC}") = "BinarySearch", "BinarySearch\BinarySearch.csproj", "{36D2F3B0-18A9-4AA6-B83B-F6793696B668}"
EndProject
Project("{FAE04EC0-301F-11D3-BF4B-00C04F79EFBC}") = "InsertionSort", "InsertionSort\InsertionSort.csproj", "{DDB41A3C-A688-462E-BBF4-E47EE313A8B6}"
EndProject
Project("{FAE04EC0-301F-11D3-BF4B-00C04F79EFBC}") = "OhMyGirl", "OhMyGirl\OhMyGirl.csproj", "{83181F9B-26F9-49CE-8117-C1F9593F5AA4}"
EndProject
Project("{FAE04EC0-301F-11D3-BF4B-00C04F79EFBC}") = "ChatLogger", "ChatLogger\ChatLogger.csproj", "{D360ACE3-3620-43B7-B053-BB5869722471}"
EndProject
Project("{FAE04EC0-301F-11D3-BF4B-00C04F79EFBC}") = "PINValidation", "PINValidation\PINValidation.csproj", "{1A1DDD5C-D079-427B-B0D5-261BF730BE9D}"
EndProject
Project("{FAE04EC0-301F-11D3-BF4B-00C04F79EFBC}") = "BiggestTableRow", "BiggestTableRow\BiggestTableRow.csproj", "{ED8C9A8A-2CC4-4E0E-96FD-1FF88205C881}"
EndProject
Project("{FAE04EC0-301F-11D3-BF4B-00C04F79EFBC}") = "Parachute", "Parachute\Parachute.csproj", "{321D705B-1A50-4886-B708-D89351824765}"
EndProject
Project("{FAE04EC0-301F-11D3-BF4B-00C04F79EFBC}") = "TheNumbers", "TheNumbers\TheNumbers.csproj", "{232F7681-34CC-42D8-9A79-E240F5DD6916}"
EndProject
Project("{FAE04EC0-301F-11D3-BF4B-00C04F79EFBC}") = "MatrixShuffle", "MatrixShuffle\MatrixShuffle.csproj", "{F7758E61-D9EF-4A7C-BC0D-09D9393610D1}"
EndProject
Project("{FAE04EC0-301F-11D3-BF4B-00C04F79EFBC}") = "SumOfAllValues", "SumOfAllValues\SumOfAllValues.csproj", "{368768ED-E221-471F-A477-B67169586301}"
EndProject
Project("{FAE04EC0-301F-11D3-BF4B-00C04F79EFBC}") = "PhoneNumbers", "PhoneNumbers\PhoneNumbers.csproj", "{538E7D32-F3EC-4485-8161-D3A5C3968CD6}"
EndProject
Global
	GlobalSection(SolutionConfigurationPlatforms) = preSolution
		Debug|Any CPU = Debug|Any CPU
		Release|Any CPU = Release|Any CPU
	EndGlobalSection
	GlobalSection(ProjectConfigurationPlatforms) = postSolution
		{A8486D22-BEDC-4742-925A-B37FCA54AE95}.Debug|Any CPU.ActiveCfg = Debug|Any CPU
		{A8486D22-BEDC-4742-925A-B37FCA54AE95}.Debug|Any CPU.Build.0 = Debug|Any CPU
		{A8486D22-BEDC-4742-925A-B37FCA54AE95}.Release|Any CPU.ActiveCfg = Release|Any CPU
		{A8486D22-BEDC-4742-925A-B37FCA54AE95}.Release|Any CPU.Build.0 = Release|Any CPU
		{5D8A3A2C-A5BA-4E80-AF9A-52B61E047CDD}.Debug|Any CPU.ActiveCfg = Debug|Any CPU
		{5D8A3A2C-A5BA-4E80-AF9A-52B61E047CDD}.Debug|Any CPU.Build.0 = Debug|Any CPU
		{5D8A3A2C-A5BA-4E80-AF9A-52B61E047CDD}.Release|Any CPU.ActiveCfg = Release|Any CPU
		{5D8A3A2C-A5BA-4E80-AF9A-52B61E047CDD}.Release|Any CPU.Build.0 = Release|Any CPU
		{A02257B2-53E2-43D7-8880-12325C1D2CAF}.Debug|Any CPU.ActiveCfg = Debug|Any CPU
		{A02257B2-53E2-43D7-8880-12325C1D2CAF}.Debug|Any CPU.Build.0 = Debug|Any CPU
		{A02257B2-53E2-43D7-8880-12325C1D2CAF}.Release|Any CPU.ActiveCfg = Release|Any CPU
		{A02257B2-53E2-43D7-8880-12325C1D2CAF}.Release|Any CPU.Build.0 = Release|Any CPU
		{B8B48726-614A-47C4-9E9F-2D389DDFD3B5}.Debug|Any CPU.ActiveCfg = Debug|Any CPU
		{B8B48726-614A-47C4-9E9F-2D389DDFD3B5}.Debug|Any CPU.Build.0 = Debug|Any CPU
		{B8B48726-614A-47C4-9E9F-2D389DDFD3B5}.Release|Any CPU.ActiveCfg = Release|Any CPU
		{B8B48726-614A-47C4-9E9F-2D389DDFD3B5}.Release|Any CPU.Build.0 = Release|Any CPU
		{755924A3-16B6-4491-BF40-B8D31806F483}.Debug|Any CPU.ActiveCfg = Debug|Any CPU
		{755924A3-16B6-4491-BF40-B8D31806F483}.Debug|Any CPU.Build.0 = Debug|Any CPU
		{755924A3-16B6-4491-BF40-B8D31806F483}.Release|Any CPU.ActiveCfg = Release|Any CPU
		{755924A3-16B6-4491-BF40-B8D31806F483}.Release|Any CPU.Build.0 = Release|Any CPU
		{A1AB3134-77F3-4A40-9745-D33485EBB4B1}.Debug|Any CPU.ActiveCfg = Debug|Any CPU
		{A1AB3134-77F3-4A40-9745-D33485EBB4B1}.Debug|Any CPU.Build.0 = Debug|Any CPU
		{A1AB3134-77F3-4A40-9745-D33485EBB4B1}.Release|Any CPU.ActiveCfg = Release|Any CPU
		{A1AB3134-77F3-4A40-9745-D33485EBB4B1}.Release|Any CPU.Build.0 = Release|Any CPU
		{396AD081-2F40-42C0-AE26-D3A40EEF9D56}.Debug|Any CPU.ActiveCfg = Debug|Any CPU
		{396AD081-2F40-42C0-AE26-D3A40EEF9D56}.Debug|Any CPU.Build.0 = Debug|Any CPU
		{396AD081-2F40-42C0-AE26-D3A40EEF9D56}.Release|Any CPU.ActiveCfg = Release|Any CPU
		{396AD081-2F40-42C0-AE26-D3A40EEF9D56}.Release|Any CPU.Build.0 = Release|Any CPU
		{36D2F3B0-18A9-4AA6-B83B-F6793696B668}.Debug|Any CPU.ActiveCfg = Debug|Any CPU
		{36D2F3B0-18A9-4AA6-B83B-F6793696B668}.Debug|Any CPU.Build.0 = Debug|Any CPU
		{36D2F3B0-18A9-4AA6-B83B-F6793696B668}.Release|Any CPU.ActiveCfg = Release|Any CPU
		{36D2F3B0-18A9-4AA6-B83B-F6793696B668}.Release|Any CPU.Build.0 = Release|Any CPU
		{DDB41A3C-A688-462E-BBF4-E47EE313A8B6}.Debug|Any CPU.ActiveCfg = Debug|Any CPU
		{DDB41A3C-A688-462E-BBF4-E47EE313A8B6}.Debug|Any CPU.Build.0 = Debug|Any CPU
		{DDB41A3C-A688-462E-BBF4-E47EE313A8B6}.Release|Any CPU.ActiveCfg = Release|Any CPU
		{DDB41A3C-A688-462E-BBF4-E47EE313A8B6}.Release|Any CPU.Build.0 = Release|Any CPU
		{83181F9B-26F9-49CE-8117-C1F9593F5AA4}.Debug|Any CPU.ActiveCfg = Debug|Any CPU
		{83181F9B-26F9-49CE-8117-C1F9593F5AA4}.Debug|Any CPU.Build.0 = Debug|Any CPU
		{83181F9B-26F9-49CE-8117-C1F9593F5AA4}.Release|Any CPU.ActiveCfg = Release|Any CPU
		{83181F9B-26F9-49CE-8117-C1F9593F5AA4}.Release|Any CPU.Build.0 = Release|Any CPU
		{D360ACE3-3620-43B7-B053-BB5869722471}.Debug|Any CPU.ActiveCfg = Debug|Any CPU
		{D360ACE3-3620-43B7-B053-BB5869722471}.Debug|Any CPU.Build.0 = Debug|Any CPU
		{D360ACE3-3620-43B7-B053-BB5869722471}.Release|Any CPU.ActiveCfg = Release|Any CPU
		{D360ACE3-3620-43B7-B053-BB5869722471}.Release|Any CPU.Build.0 = Release|Any CPU
		{1A1DDD5C-D079-427B-B0D5-261BF730BE9D}.Debug|Any CPU.ActiveCfg = Debug|Any CPU
		{1A1DDD5C-D079-427B-B0D5-261BF730BE9D}.Debug|Any CPU.Build.0 = Debug|Any CPU
		{1A1DDD5C-D079-427B-B0D5-261BF730BE9D}.Release|Any CPU.ActiveCfg = Release|Any CPU
		{1A1DDD5C-D079-427B-B0D5-261BF730BE9D}.Release|Any CPU.Build.0 = Release|Any CPU
		{ED8C9A8A-2CC4-4E0E-96FD-1FF88205C881}.Debug|Any CPU.ActiveCfg = Debug|Any CPU
		{ED8C9A8A-2CC4-4E0E-96FD-1FF88205C881}.Debug|Any CPU.Build.0 = Debug|Any CPU
		{ED8C9A8A-2CC4-4E0E-96FD-1FF88205C881}.Release|Any CPU.ActiveCfg = Release|Any CPU
		{ED8C9A8A-2CC4-4E0E-96FD-1FF88205C881}.Release|Any CPU.Build.0 = Release|Any CPU
		{321D705B-1A50-4886-B708-D89351824765}.Debug|Any CPU.ActiveCfg = Debug|Any CPU
		{321D705B-1A50-4886-B708-D89351824765}.Debug|Any CPU.Build.0 = Debug|Any CPU
		{321D705B-1A50-4886-B708-D89351824765}.Release|Any CPU.ActiveCfg = Release|Any CPU
		{321D705B-1A50-4886-B708-D89351824765}.Release|Any CPU.Build.0 = Release|Any CPU
		{232F7681-34CC-42D8-9A79-E240F5DD6916}.Debug|Any CPU.ActiveCfg = Debug|Any CPU
		{232F7681-34CC-42D8-9A79-E240F5DD6916}.Debug|Any CPU.Build.0 = Debug|Any CPU
		{232F7681-34CC-42D8-9A79-E240F5DD6916}.Release|Any CPU.ActiveCfg = Release|Any CPU
		{232F7681-34CC-42D8-9A79-E240F5DD6916}.Release|Any CPU.Build.0 = Release|Any CPU
		{F7758E61-D9EF-4A7C-BC0D-09D9393610D1}.Debug|Any CPU.ActiveCfg = Debug|Any CPU
		{F7758E61-D9EF-4A7C-BC0D-09D9393610D1}.Debug|Any CPU.Build.0 = Debug|Any CPU
		{F7758E61-D9EF-4A7C-BC0D-09D9393610D1}.Release|Any CPU.ActiveCfg = Release|Any CPU
		{F7758E61-D9EF-4A7C-BC0D-09D9393610D1}.Release|Any CPU.Build.0 = Release|Any CPU
		{368768ED-E221-471F-A477-B67169586301}.Debug|Any CPU.ActiveCfg = Debug|Any CPU
		{368768ED-E221-471F-A477-B67169586301}.Debug|Any CPU.Build.0 = Debug|Any CPU
		{368768ED-E221-471F-A477-B67169586301}.Release|Any CPU.ActiveCfg = Release|Any CPU
		{368768ED-E221-471F-A477-B67169586301}.Release|Any CPU.Build.0 = Release|Any CPU
		{538E7D32-F3EC-4485-8161-D3A5C3968CD6}.Debug|Any CPU.ActiveCfg = Debug|Any CPU
		{538E7D32-F3EC-4485-8161-D3A5C3968CD6}.Debug|Any CPU.Build.0 = Debug|Any CPU
		{538E7D32-F3EC-4485-8161-D3A5C3968CD6}.Release|Any CPU.ActiveCfg = Release|Any CPU
		{538E7D32-F3EC-4485-8161-D3A5C3968CD6}.Release|Any CPU.Build.0 = Release|Any CPU
	EndGlobalSection
	GlobalSection(SolutionProperties) = preSolution
		HideSolutionNode = FALSE
	EndGlobalSection
EndGlobal
